// !$*UTF8*$!
{
	archiveVersion = 1;
	classes = {
	};
	objectVersion = 55;
	objects = {

/* Begin PBXBuildFile section */
		81B761352800D309002D4A1D /* HotProspectsApp.swift in Sources */ = {isa = PBXBuildFile; fileRef = 81B761342800D309002D4A1D /* HotProspectsApp.swift */; };
		81B761372800D309002D4A1D /* ContentView.swift in Sources */ = {isa = PBXBuildFile; fileRef = 81B761362800D309002D4A1D /* ContentView.swift */; };
		81B761392800D30A002D4A1D /* Assets.xcassets in Resources */ = {isa = PBXBuildFile; fileRef = 81B761382800D30A002D4A1D /* Assets.xcassets */; };
		81B7613C2800D30A002D4A1D /* Preview Assets.xcassets in Resources */ = {isa = PBXBuildFile; fileRef = 81B7613B2800D30A002D4A1D /* Preview Assets.xcassets */; };
		81B761442800D431002D4A1D /* EnvironmentObjectExplanation.swift in Sources */ = {isa = PBXBuildFile; fileRef = 81B761432800D431002D4A1D /* EnvironmentObjectExplanation.swift */; };
		81B761462800D67F002D4A1D /* TabViewExplanation.swift in Sources */ = {isa = PBXBuildFile; fileRef = 81B761452800D67F002D4A1D /* TabViewExplanation.swift */; };
		81B761482800DA23002D4A1D /* PublishingChangesManually.swift in Sources */ = {isa = PBXBuildFile; fileRef = 81B761472800DA23002D4A1D /* PublishingChangesManually.swift */; };
		81B7614A2800DBE2002D4A1D /* ResultTypeExplanation.swift in Sources */ = {isa = PBXBuildFile; fileRef = 81B761492800DBE2002D4A1D /* ResultTypeExplanation.swift */; };
		81B7614C2800E369002D4A1D /* ImageInterpolation.swift in Sources */ = {isa = PBXBuildFile; fileRef = 81B7614B2800E369002D4A1D /* ImageInterpolation.swift */; };
		81B7614E2800FA03002D4A1D /* ContextMenuExplanation.swift in Sources */ = {isa = PBXBuildFile; fileRef = 81B7614D2800FA03002D4A1D /* ContextMenuExplanation.swift */; };
		81B761502800FBFE002D4A1D /* SwipeActionsToList.swift in Sources */ = {isa = PBXBuildFile; fileRef = 81B7614F2800FBFE002D4A1D /* SwipeActionsToList.swift */; };
		81B761522800FDC1002D4A1D /* LocalNotifications.swift in Sources */ = {isa = PBXBuildFile; fileRef = 81B761512800FDC1002D4A1D /* LocalNotifications.swift */; };
		81B7615428010204002D4A1D /* SwiftPackageDependencies.swift in Sources */ = {isa = PBXBuildFile; fileRef = 81B7615328010204002D4A1D /* SwiftPackageDependencies.swift */; };
		81B76157280104B2002D4A1D /* SamplePackage in Frameworks */ = {isa = PBXBuildFile; productRef = 81B76156280104B2002D4A1D /* SamplePackage */; };
		81B761592801D2AE002D4A1D /* ProspectsView.swift in Sources */ = {isa = PBXBuildFile; fileRef = 81B761582801D2AE002D4A1D /* ProspectsView.swift */; };
		81B7615B2801D2C9002D4A1D /* MeView.swift in Sources */ = {isa = PBXBuildFile; fileRef = 81B7615A2801D2C9002D4A1D /* MeView.swift */; };
		81B7615D2801D64E002D4A1D /* Prospect.swift in Sources */ = {isa = PBXBuildFile; fileRef = 81B7615C2801D64E002D4A1D /* Prospect.swift */; };
		81B7616028020911002D4A1D /* CodeScanner in Frameworks */ = {isa = PBXBuildFile; productRef = 81B7615F28020911002D4A1D /* CodeScanner */; };
		81B7616228023677002D4A1D /* ImageSaver.swift in Sources */ = {isa = PBXBuildFile; fileRef = 81B7616128023677002D4A1D /* ImageSaver.swift */; };
		81B7616428034223002D4A1D /* FileManager.swift in Sources */ = {isa = PBXBuildFile; fileRef = 81B7616328034223002D4A1D /* FileManager.swift */; };
/* End PBXBuildFile section */

/* Begin PBXFileReference section */
		81B761312800D309002D4A1D /* HotProspects.app */ = {isa = PBXFileReference; explicitFileType = wrapper.application; includeInIndex = 0; path = HotProspects.app; sourceTree = BUILT_PRODUCTS_DIR; };
		81B761342800D309002D4A1D /* HotProspectsApp.swift */ = {isa = PBXFileReference; lastKnownFileType = sourcecode.swift; path = HotProspectsApp.swift; sourceTree = "<group>"; };
		81B761362800D309002D4A1D /* ContentView.swift */ = {isa = PBXFileReference; lastKnownFileType = sourcecode.swift; path = ContentView.swift; sourceTree = "<group>"; };
		81B761382800D30A002D4A1D /* Assets.xcassets */ = {isa = PBXFileReference; lastKnownFileType = folder.assetcatalog; path = Assets.xcassets; sourceTree = "<group>"; };
		81B7613B2800D30A002D4A1D /* Preview Assets.xcassets */ = {isa = PBXFileReference; lastKnownFileType = folder.assetcatalog; path = "Preview Assets.xcassets"; sourceTree = "<group>"; };
		81B761432800D431002D4A1D /* EnvironmentObjectExplanation.swift */ = {isa = PBXFileReference; lastKnownFileType = sourcecode.swift; path = EnvironmentObjectExplanation.swift; sourceTree = "<group>"; };
		81B761452800D67F002D4A1D /* TabViewExplanation.swift */ = {isa = PBXFileReference; lastKnownFileType = sourcecode.swift; path = TabViewExplanation.swift; sourceTree = "<group>"; };
		81B761472800DA23002D4A1D /* PublishingChangesManually.swift */ = {isa = PBXFileReference; lastKnownFileType = sourcecode.swift; path = PublishingChangesManually.swift; sourceTree = "<group>"; };
		81B761492800DBE2002D4A1D /* ResultTypeExplanation.swift */ = {isa = PBXFileReference; lastKnownFileType = sourcecode.swift; path = ResultTypeExplanation.swift; sourceTree = "<group>"; };
		81B7614B2800E369002D4A1D /* ImageInterpolation.swift */ = {isa = PBXFileReference; lastKnownFileType = sourcecode.swift; path = ImageInterpolation.swift; sourceTree = "<group>"; };
		81B7614D2800FA03002D4A1D /* ContextMenuExplanation.swift */ = {isa = PBXFileReference; lastKnownFileType = sourcecode.swift; path = ContextMenuExplanation.swift; sourceTree = "<group>"; };
		81B7614F2800FBFE002D4A1D /* SwipeActionsToList.swift */ = {isa = PBXFileReference; lastKnownFileType = sourcecode.swift; path = SwipeActionsToList.swift; sourceTree = "<group>"; };
		81B761512800FDC1002D4A1D /* LocalNotifications.swift */ = {isa = PBXFileReference; lastKnownFileType = sourcecode.swift; path = LocalNotifications.swift; sourceTree = "<group>"; };
		81B7615328010204002D4A1D /* SwiftPackageDependencies.swift */ = {isa = PBXFileReference; lastKnownFileType = sourcecode.swift; path = SwiftPackageDependencies.swift; sourceTree = "<group>"; };
		81B761582801D2AE002D4A1D /* ProspectsView.swift */ = {isa = PBXFileReference; lastKnownFileType = sourcecode.swift; path = ProspectsView.swift; sourceTree = "<group>"; };
		81B7615A2801D2C9002D4A1D /* MeView.swift */ = {isa = PBXFileReference; lastKnownFileType = sourcecode.swift; path = MeView.swift; sourceTree = "<group>"; };
		81B7615C2801D64E002D4A1D /* Prospect.swift */ = {isa = PBXFileReference; lastKnownFileType = sourcecode.swift; path = Prospect.swift; sourceTree = "<group>"; };
		81B7616128023677002D4A1D /* ImageSaver.swift */ = {isa = PBXFileReference; fileEncoding = 4; lastKnownFileType = sourcecode.swift; path = ImageSaver.swift; sourceTree = "<group>"; };
		81B7616328034223002D4A1D /* FileManager.swift */ = {isa = PBXFileReference; lastKnownFileType = sourcecode.swift; path = FileManager.swift; sourceTree = "<group>"; };
/* End PBXFileReference section */

/* Begin PBXFrameworksBuildPhase section */
		81B7612E2800D309002D4A1D /* Frameworks */ = {
			isa = PBXFrameworksBuildPhase;
			buildActionMask = 2147483647;
			files = (
				81B7616028020911002D4A1D /* CodeScanner in Frameworks */,
				81B76157280104B2002D4A1D /* SamplePackage in Frameworks */,
			);
			runOnlyForDeploymentPostprocessing = 0;
		};
/* End PBXFrameworksBuildPhase section */

/* Begin PBXGroup section */
		81B761282800D309002D4A1D = {
			isa = PBXGroup;
			children = (
				81B761332800D309002D4A1D /* HotProspects */,
				81B761322800D309002D4A1D /* Products */,
			);
			sourceTree = "<group>";
		};
		81B761322800D309002D4A1D /* Products */ = {
			isa = PBXGroup;
			children = (
				81B761312800D309002D4A1D /* HotProspects.app */,
			);
			name = Products;
			sourceTree = "<group>";
		};
		81B761332800D309002D4A1D /* HotProspects */ = {
			isa = PBXGroup;
			children = (
				81B761342800D309002D4A1D /* HotProspectsApp.swift */,
				81B7616328034223002D4A1D /* FileManager.swift */,
				81B7616128023677002D4A1D /* ImageSaver.swift */,
				81B7615C2801D64E002D4A1D /* Prospect.swift */,
				81B761362800D309002D4A1D /* ContentView.swift */,
				81B761582801D2AE002D4A1D /* ProspectsView.swift */,
				81B7615A2801D2C9002D4A1D /* MeView.swift */,
				81B761422800D41D002D4A1D /* Explanations */,
				81B761382800D30A002D4A1D /* Assets.xcassets */,
				81B7613A2800D30A002D4A1D /* Preview Content */,
			);
			path = HotProspects;
			sourceTree = "<group>";
		};
		81B7613A2800D30A002D4A1D /* Preview Content */ = {
			isa = PBXGroup;
			children = (
				81B7613B2800D30A002D4A1D /* Preview Assets.xcassets */,
			);
			path = "Preview Content";
			sourceTree = "<group>";
		};
		81B761422800D41D002D4A1D /* Explanations */ = {
			isa = PBXGroup;
			children = (
				81B761432800D431002D4A1D /* EnvironmentObjectExplanation.swift */,
				81B761452800D67F002D4A1D /* TabViewExplanation.swift */,
				81B761472800DA23002D4A1D /* PublishingChangesManually.swift */,
				81B761492800DBE2002D4A1D /* ResultTypeExplanation.swift */,
				81B7614B2800E369002D4A1D /* ImageInterpolation.swift */,
				81B7614D2800FA03002D4A1D /* ContextMenuExplanation.swift */,
				81B7614F2800FBFE002D4A1D /* SwipeActionsToList.swift */,
				81B761512800FDC1002D4A1D /* LocalNotifications.swift */,
				81B7615328010204002D4A1D /* SwiftPackageDependencies.swift */,
			);
			path = Explanations;
			sourceTree = "<group>";
		};
/* End PBXGroup section */

/* Begin PBXNativeTarget section */
		81B761302800D309002D4A1D /* HotProspects */ = {
			isa = PBXNativeTarget;
			buildConfigurationList = 81B7613F2800D30A002D4A1D /* Build configuration list for PBXNativeTarget "HotProspects" */;
			buildPhases = (
				81B7612D2800D309002D4A1D /* Sources */,
				81B7612E2800D309002D4A1D /* Frameworks */,
				81B7612F2800D309002D4A1D /* Resources */,
			);
			buildRules = (
			);
			dependencies = (
			);
			name = HotProspects;
			packageProductDependencies = (
				81B76156280104B2002D4A1D /* SamplePackage */,
				81B7615F28020911002D4A1D /* CodeScanner */,
			);
			productName = HotProspects;
			productReference = 81B761312800D309002D4A1D /* HotProspects.app */;
			productType = "com.apple.product-type.application";
		};
/* End PBXNativeTarget section */

/* Begin PBXProject section */
		81B761292800D309002D4A1D /* Project object */ = {
			isa = PBXProject;
			attributes = {
				BuildIndependentTargetsInParallel = 1;
				LastSwiftUpdateCheck = 1330;
				LastUpgradeCheck = 1330;
				TargetAttributes = {
					81B761302800D309002D4A1D = {
						CreatedOnToolsVersion = 13.3;
					};
				};
			};
			buildConfigurationList = 81B7612C2800D309002D4A1D /* Build configuration list for PBXProject "HotProspects" */;
			compatibilityVersion = "Xcode 13.0";
			developmentRegion = en;
			hasScannedForEncodings = 0;
			knownRegions = (
				en,
				Base,
			);
			mainGroup = 81B761282800D309002D4A1D;
			packageReferences = (
				81B76155280104B2002D4A1D /* XCRemoteSwiftPackageReference "SamplePackage" */,
				81B7615E28020911002D4A1D /* XCRemoteSwiftPackageReference "CodeScanner" */,
			);
			productRefGroup = 81B761322800D309002D4A1D /* Products */;
			projectDirPath = "";
			projectRoot = "";
			targets = (
				81B761302800D309002D4A1D /* HotProspects */,
			);
		};
/* End PBXProject section */

/* Begin PBXResourcesBuildPhase section */
		81B7612F2800D309002D4A1D /* Resources */ = {
			isa = PBXResourcesBuildPhase;
			buildActionMask = 2147483647;
			files = (
				81B7613C2800D30A002D4A1D /* Preview Assets.xcassets in Resources */,
				81B761392800D30A002D4A1D /* Assets.xcassets in Resources */,
			);
			runOnlyForDeploymentPostprocessing = 0;
		};
/* End PBXResourcesBuildPhase section */

/* Begin PBXSourcesBuildPhase section */
		81B7612D2800D309002D4A1D /* Sources */ = {
			isa = PBXSourcesBuildPhase;
			buildActionMask = 2147483647;
			files = (
				81B761592801D2AE002D4A1D /* ProspectsView.swift in Sources */,
				81B7615428010204002D4A1D /* SwiftPackageDependencies.swift in Sources */,
				81B761462800D67F002D4A1D /* TabViewExplanation.swift in Sources */,
				81B7615D2801D64E002D4A1D /* Prospect.swift in Sources */,
				81B761372800D309002D4A1D /* ContentView.swift in Sources */,
				81B761502800FBFE002D4A1D /* SwipeActionsToList.swift in Sources */,
				81B7614A2800DBE2002D4A1D /* ResultTypeExplanation.swift in Sources */,
				81B7616428034223002D4A1D /* FileManager.swift in Sources */,
				81B7616228023677002D4A1D /* ImageSaver.swift in Sources */,
				81B761352800D309002D4A1D /* HotProspectsApp.swift in Sources */,
				81B7614E2800FA03002D4A1D /* ContextMenuExplanation.swift in Sources */,
				81B7614C2800E369002D4A1D /* ImageInterpolation.swift in Sources */,
				81B761442800D431002D4A1D /* EnvironmentObjectExplanation.swift in Sources */,
				81B761522800FDC1002D4A1D /* LocalNotifications.swift in Sources */,
				81B761482800DA23002D4A1D /* PublishingChangesManually.swift in Sources */,
				81B7615B2801D2C9002D4A1D /* MeView.swift in Sources */,
			);
			runOnlyForDeploymentPostprocessing = 0;
		};
/* End PBXSourcesBuildPhase section */

/* Begin XCBuildConfiguration section */
		81B7613D2800D30A002D4A1D /* Debug */ = {
			isa = XCBuildConfiguration;
			buildSettings = {
				ALWAYS_SEARCH_USER_PATHS = NO;
				CLANG_ANALYZER_NONNULL = YES;
				CLANG_ANALYZER_NUMBER_OBJECT_CONVERSION = YES_AGGRESSIVE;
				CLANG_CXX_LANGUAGE_STANDARD = "gnu++17";
				CLANG_ENABLE_MODULES = YES;
				CLANG_ENABLE_OBJC_ARC = YES;
				CLANG_ENABLE_OBJC_WEAK = YES;
				CLANG_WARN_BLOCK_CAPTURE_AUTORELEASING = YES;
				CLANG_WARN_BOOL_CONVERSION = YES;
				CLANG_WARN_COMMA = YES;
				CLANG_WARN_CONSTANT_CONVERSION = YES;
				CLANG_WARN_DEPRECATED_OBJC_IMPLEMENTATIONS = YES;
				CLANG_WARN_DIRECT_OBJC_ISA_USAGE = YES_ERROR;
				CLANG_WARN_DOCUMENTATION_COMMENTS = YES;
				CLANG_WARN_EMPTY_BODY = YES;
				CLANG_WARN_ENUM_CONVERSION = YES;
				CLANG_WARN_INFINITE_RECURSION = YES;
				CLANG_WARN_INT_CONVERSION = YES;
				CLANG_WARN_NON_LITERAL_NULL_CONVERSION = YES;
				CLANG_WARN_OBJC_IMPLICIT_RETAIN_SELF = YES;
				CLANG_WARN_OBJC_LITERAL_CONVERSION = YES;
				CLANG_WARN_OBJC_ROOT_CLASS = YES_ERROR;
				CLANG_WARN_QUOTED_INCLUDE_IN_FRAMEWORK_HEADER = YES;
				CLANG_WARN_RANGE_LOOP_ANALYSIS = YES;
				CLANG_WARN_STRICT_PROTOTYPES = YES;
				CLANG_WARN_SUSPICIOUS_MOVE = YES;
				CLANG_WARN_UNGUARDED_AVAILABILITY = YES_AGGRESSIVE;
				CLANG_WARN_UNREACHABLE_CODE = YES;
				CLANG_WARN__DUPLICATE_METHOD_MATCH = YES;
				COPY_PHASE_STRIP = NO;
				DEBUG_INFORMATION_FORMAT = dwarf;
				ENABLE_STRICT_OBJC_MSGSEND = YES;
				ENABLE_TESTABILITY = YES;
				GCC_C_LANGUAGE_STANDARD = gnu11;
				GCC_DYNAMIC_NO_PIC = NO;
				GCC_NO_COMMON_BLOCKS = YES;
				GCC_OPTIMIZATION_LEVEL = 0;
				GCC_PREPROCESSOR_DEFINITIONS = (
					"DEBUG=1",
					"$(inherited)",
				);
				GCC_WARN_64_TO_32_BIT_CONVERSION = YES;
				GCC_WARN_ABOUT_RETURN_TYPE = YES_ERROR;
				GCC_WARN_UNDECLARED_SELECTOR = YES;
				GCC_WARN_UNINITIALIZED_AUTOS = YES_AGGRESSIVE;
				GCC_WARN_UNUSED_FUNCTION = YES;
				GCC_WARN_UNUSED_VARIABLE = YES;
				IPHONEOS_DEPLOYMENT_TARGET = 15.3;
				MTL_ENABLE_DEBUG_INFO = INCLUDE_SOURCE;
				MTL_FAST_MATH = YES;
				ONLY_ACTIVE_ARCH = YES;
				SDKROOT = iphoneos;
				SWIFT_ACTIVE_COMPILATION_CONDITIONS = DEBUG;
				SWIFT_OPTIMIZATION_LEVEL = "-Onone";
			};
			name = Debug;
		};
		81B7613E2800D30A002D4A1D /* Release */ = {
			isa = XCBuildConfiguration;
			buildSettings = {
				ALWAYS_SEARCH_USER_PATHS = NO;
				CLANG_ANALYZER_NONNULL = YES;
				CLANG_ANALYZER_NUMBER_OBJECT_CONVERSION = YES_AGGRESSIVE;
				CLANG_CXX_LANGUAGE_STANDARD = "gnu++17";
				CLANG_ENABLE_MODULES = YES;
				CLANG_ENABLE_OBJC_ARC = YES;
				CLANG_ENABLE_OBJC_WEAK = YES;
				CLANG_WARN_BLOCK_CAPTURE_AUTORELEASING = YES;
				CLANG_WARN_BOOL_CONVERSION = YES;
				CLANG_WARN_COMMA = YES;
				CLANG_WARN_CONSTANT_CONVERSION = YES;
				CLANG_WARN_DEPRECATED_OBJC_IMPLEMENTATIONS = YES;
				CLANG_WARN_DIRECT_OBJC_ISA_USAGE = YES_ERROR;
				CLANG_WARN_DOCUMENTATION_COMMENTS = YES;
				CLANG_WARN_EMPTY_BODY = YES;
				CLANG_WARN_ENUM_CONVERSION = YES;
				CLANG_WARN_INFINITE_RECURSION = YES;
				CLANG_WARN_INT_CONVERSION = YES;
				CLANG_WARN_NON_LITERAL_NULL_CONVERSION = YES;
				CLANG_WARN_OBJC_IMPLICIT_RETAIN_SELF = YES;
				CLANG_WARN_OBJC_LITERAL_CONVERSION = YES;
				CLANG_WARN_OBJC_ROOT_CLASS = YES_ERROR;
				CLANG_WARN_QUOTED_INCLUDE_IN_FRAMEWORK_HEADER = YES;
				CLANG_WARN_RANGE_LOOP_ANALYSIS = YES;
				CLANG_WARN_STRICT_PROTOTYPES = YES;
				CLANG_WARN_SUSPICIOUS_MOVE = YES;
				CLANG_WARN_UNGUARDED_AVAILABILITY = YES_AGGRESSIVE;
				CLANG_WARN_UNREACHABLE_CODE = YES;
				CLANG_WARN__DUPLICATE_METHOD_MATCH = YES;
				COPY_PHASE_STRIP = NO;
				DEBUG_INFORMATION_FORMAT = "dwarf-with-dsym";
				ENABLE_NS_ASSERTIONS = NO;
				ENABLE_STRICT_OBJC_MSGSEND = YES;
				GCC_C_LANGUAGE_STANDARD = gnu11;
				GCC_NO_COMMON_BLOCKS = YES;
				GCC_WARN_64_TO_32_BIT_CONVERSION = YES;
				GCC_WARN_ABOUT_RETURN_TYPE = YES_ERROR;
				GCC_WARN_UNDECLARED_SELECTOR = YES;
				GCC_WARN_UNINITIALIZED_AUTOS = YES_AGGRESSIVE;
				GCC_WARN_UNUSED_FUNCTION = YES;
				GCC_WARN_UNUSED_VARIABLE = YES;
				IPHONEOS_DEPLOYMENT_TARGET = 15.3;
				MTL_ENABLE_DEBUG_INFO = NO;
				MTL_FAST_MATH = YES;
				SDKROOT = iphoneos;
				SWIFT_COMPILATION_MODE = wholemodule;
				SWIFT_OPTIMIZATION_LEVEL = "-O";
				VALIDATE_PRODUCT = YES;
			};
			name = Release;
		};
		81B761402800D30A002D4A1D /* Debug */ = {
			isa = XCBuildConfiguration;
			buildSettings = {
				ASSETCATALOG_COMPILER_APPICON_NAME = AppIcon;
				ASSETCATALOG_COMPILER_GLOBAL_ACCENT_COLOR_NAME = AccentColor;
				CODE_SIGN_STYLE = Automatic;
				CURRENT_PROJECT_VERSION = 1;
				DEVELOPMENT_ASSET_PATHS = "\"HotProspects/Preview Content\"";
				DEVELOPMENT_TEAM = 8RKLM75R2Q;
				ENABLE_PREVIEWS = YES;
				GENERATE_INFOPLIST_FILE = YES;
				INFOPLIST_KEY_NSCameraUsageDescription = "We need to scan QR codes.";
				INFOPLIST_KEY_NSPhotoLibraryAddUsageDescription = "We want to save your QR code.";
				INFOPLIST_KEY_UIApplicationSceneManifest_Generation = YES;
				INFOPLIST_KEY_UIApplicationSupportsIndirectInputEvents = YES;
				INFOPLIST_KEY_UILaunchScreen_Generation = YES;
				INFOPLIST_KEY_UISupportedInterfaceOrientations_iPad = "UIInterfaceOrientationPortrait UIInterfaceOrientationPortraitUpsideDown UIInterfaceOrientationLandscapeLeft UIInterfaceOrientationLandscapeRight";
				INFOPLIST_KEY_UISupportedInterfaceOrientations_iPhone = "UIInterfaceOrientationPortrait UIInterfaceOrientationLandscapeLeft UIInterfaceOrientationLandscapeRight";
				LD_RUNPATH_SEARCH_PATHS = (
					"$(inherited)",
					"@executable_path/Frameworks",
				);
				MARKETING_VERSION = 1.0;
				PRODUCT_BUNDLE_IDENTIFIER = com.andresraigoza.HotProspects;
				PRODUCT_NAME = "$(TARGET_NAME)";
				SWIFT_EMIT_LOC_STRINGS = YES;
				SWIFT_VERSION = 5.0;
				TARGETED_DEVICE_FAMILY = "1,2";
			};
			name = Debug;
		};
		81B761412800D30A002D4A1D /* Release */ = {
			isa = XCBuildConfiguration;
			buildSettings = {
				ASSETCATALOG_COMPILER_APPICON_NAME = AppIcon;
				ASSETCATALOG_COMPILER_GLOBAL_ACCENT_COLOR_NAME = AccentColor;
				CODE_SIGN_STYLE = Automatic;
				CURRENT_PROJECT_VERSION = 1;
				DEVELOPMENT_ASSET_PATHS = "\"HotProspects/Preview Content\"";
				DEVELOPMENT_TEAM = 8RKLM75R2Q;
				ENABLE_PREVIEWS = YES;
				GENERATE_INFOPLIST_FILE = YES;
				INFOPLIST_KEY_NSCameraUsageDescription = "We need to scan QR codes.";
				INFOPLIST_KEY_NSPhotoLibraryAddUsageDescription = "We want to save your QR code.";
				INFOPLIST_KEY_UIApplicationSceneManifest_Generation = YES;
				INFOPLIST_KEY_UIApplicationSupportsIndirectInputEvents = YES;
				INFOPLIST_KEY_UILaunchScreen_Generation = YES;
				INFOPLIST_KEY_UISupportedInterfaceOrientations_iPad = "UIInterfaceOrientationPortrait UIInterfaceOrientationPortraitUpsideDown UIInterfaceOrientationLandscapeLeft UIInterfaceOrientationLandscapeRight";
				INFOPLIST_KEY_UISupportedInterfaceOrientations_iPhone = "UIInterfaceOrientationPortrait UIInterfaceOrientationLandscapeLeft UIInterfaceOrientationLandscapeRight";
				LD_RUNPATH_SEARCH_PATHS = (
					"$(inherited)",
					"@executable_path/Frameworks",
				);
				MARKETING_VERSION = 1.0;
				PRODUCT_BUNDLE_IDENTIFIER = com.andresraigoza.HotProspects;
				PRODUCT_NAME = "$(TARGET_NAME)";
				SWIFT_EMIT_LOC_STRINGS = YES;
				SWIFT_VERSION = 5.0;
				TARGETED_DEVICE_FAMILY = "1,2";
			};
			name = Release;
		};
/* End XCBuildConfiguration section */

/* Begin XCConfigurationList section */
		81B7612C2800D309002D4A1D /* Build configuration list for PBXProject "HotProspects" */ = {
			isa = XCConfigurationList;
			buildConfigurations = (
				81B7613D2800D30A002D4A1D /* Debug */,
				81B7613E2800D30A002D4A1D /* Release */,
			);
			defaultConfigurationIsVisible = 0;
			defaultConfigurationName = Release;
		};
		81B7613F2800D30A002D4A1D /* Build configuration list for PBXNativeTarget "HotProspects" */ = {
			isa = XCConfigurationList;
			buildConfigurations = (
				81B761402800D30A002D4A1D /* Debug */,
				81B761412800D30A002D4A1D /* Release */,
			);
			defaultConfigurationIsVisible = 0;
			defaultConfigurationName = Release;
		};
/* End XCConfigurationList section */

/* Begin XCRemoteSwiftPackageReference section */
		81B76155280104B2002D4A1D /* XCRemoteSwiftPackageReference "SamplePackage" */ = {
			isa = XCRemoteSwiftPackageReference;
			repositoryURL = "https://github.com/twostraws/SamplePackage";
			requirement = {
				kind = upToNextMajorVersion;
				minimumVersion = 1.0.0;
			};
		};
		81B7615E28020911002D4A1D /* XCRemoteSwiftPackageReference "CodeScanner" */ = {
			isa = XCRemoteSwiftPackageReference;
			repositoryURL = "https://github.com/twostraws/CodeScanner";
			requirement = {
				kind = upToNextMajorVersion;
				minimumVersion = 2.0.0;
			};
		};
/* End XCRemoteSwiftPackageReference section */

/* Begin XCSwiftPackageProductDependency section */
		81B76156280104B2002D4A1D /* SamplePackage */ = {
			isa = XCSwiftPackageProductDependency;
			package = 81B76155280104B2002D4A1D /* XCRemoteSwiftPackageReference "SamplePackage" */;
			productName = SamplePackage;
		};
		81B7615F28020911002D4A1D /* CodeScanner */ = {
			isa = XCSwiftPackageProductDependency;
			package = 81B7615E28020911002D4A1D /* XCRemoteSwiftPackageReference "CodeScanner" */;
			productName = CodeScanner;
		};
/* End XCSwiftPackageProductDependency section */
	};
	rootObject = 81B761292800D309002D4A1D /* Project object */;
}
